// !$*UTF8*$!
{
	archiveVersion = 1;
	classes = {
	};
	objectVersion = 56;
	objects = {

/* Begin PBXBuildFile section */
		3F857B7229840A61005EB316 /* AppDelegate.swift in Sources */ = {isa = PBXBuildFile; fileRef = 3F857B7129840A61005EB316 /* AppDelegate.swift */; };
		3F857B7429840A61005EB316 /* SceneDelegate.swift in Sources */ = {isa = PBXBuildFile; fileRef = 3F857B7329840A61005EB316 /* SceneDelegate.swift */; };
		3F857B7629840A61005EB316 /* ViewController.swift in Sources */ = {isa = PBXBuildFile; fileRef = 3F857B7529840A61005EB316 /* ViewController.swift */; };
		3F857B7929840A61005EB316 /* Main.storyboard in Resources */ = {isa = PBXBuildFile; fileRef = 3F857B7729840A61005EB316 /* Main.storyboard */; };
		3F857B7C29840A61005EB316 /* ContactManager.xcdatamodeld in Sources */ = {isa = PBXBuildFile; fileRef = 3F857B7A29840A61005EB316 /* ContactManager.xcdatamodeld */; };
		3F857B7E29840A62005EB316 /* Assets.xcassets in Resources */ = {isa = PBXBuildFile; fileRef = 3F857B7D29840A62005EB316 /* Assets.xcassets */; };
		3F857B8129840A62005EB316 /* LaunchScreen.storyboard in Resources */ = {isa = PBXBuildFile; fileRef = 3F857B7F29840A62005EB316 /* LaunchScreen.storyboard */; };
		3F857B8929840ABC005EB316 /* Information.swift in Sources */ = {isa = PBXBuildFile; fileRef = 3F857B8829840ABC005EB316 /* Information.swift */; };
		3F857B8B29840AD0005EB316 /* ResultInformation.swift in Sources */ = {isa = PBXBuildFile; fileRef = 3F857B8A29840AD0005EB316 /* ResultInformation.swift */; };
		3FF9B38A29843C3F00A103FC /* ContactTableViewCell.swift in Sources */ = {isa = PBXBuildFile; fileRef = 3FF9B38929843C3F00A103FC /* ContactTableViewCell.swift */; };
		3FF9B38C29843E8600A103FC /* ContactManagerService.swift in Sources */ = {isa = PBXBuildFile; fileRef = 3FF9B38B29843E8600A103FC /* ContactManagerService.swift */; };
/* End PBXBuildFile section */

/* Begin PBXFileReference section */
		3F857B6E29840A61005EB316 /* ContactManager.app */ = {isa = PBXFileReference; explicitFileType = wrapper.application; includeInIndex = 0; path = ContactManager.app; sourceTree = BUILT_PRODUCTS_DIR; };
		3F857B7129840A61005EB316 /* AppDelegate.swift */ = {isa = PBXFileReference; lastKnownFileType = sourcecode.swift; path = AppDelegate.swift; sourceTree = "<group>"; };
		3F857B7329840A61005EB316 /* SceneDelegate.swift */ = {isa = PBXFileReference; lastKnownFileType = sourcecode.swift; path = SceneDelegate.swift; sourceTree = "<group>"; };
		3F857B7529840A61005EB316 /* ViewController.swift */ = {isa = PBXFileReference; lastKnownFileType = sourcecode.swift; path = ViewController.swift; sourceTree = "<group>"; };
		3F857B7829840A61005EB316 /* Base */ = {isa = PBXFileReference; lastKnownFileType = file.storyboard; name = Base; path = Base.lproj/Main.storyboard; sourceTree = "<group>"; };
		3F857B7B29840A61005EB316 /* ContactManager.xcdatamodel */ = {isa = PBXFileReference; lastKnownFileType = wrapper.xcdatamodel; path = ContactManager.xcdatamodel; sourceTree = "<group>"; };
		3F857B7D29840A62005EB316 /* Assets.xcassets */ = {isa = PBXFileReference; lastKnownFileType = folder.assetcatalog; path = Assets.xcassets; sourceTree = "<group>"; };
		3F857B8029840A62005EB316 /* Base */ = {isa = PBXFileReference; lastKnownFileType = file.storyboard; name = Base; path = Base.lproj/LaunchScreen.storyboard; sourceTree = "<group>"; };
		3F857B8229840A62005EB316 /* Info.plist */ = {isa = PBXFileReference; lastKnownFileType = text.plist.xml; path = Info.plist; sourceTree = "<group>"; };
		3F857B8829840ABC005EB316 /* Information.swift */ = {isa = PBXFileReference; lastKnownFileType = sourcecode.swift; path = Information.swift; sourceTree = "<group>"; };
		3F857B8A29840AD0005EB316 /* ResultInformation.swift */ = {isa = PBXFileReference; lastKnownFileType = sourcecode.swift; path = ResultInformation.swift; sourceTree = "<group>"; };
		3FF9B38929843C3F00A103FC /* ContactTableViewCell.swift */ = {isa = PBXFileReference; lastKnownFileType = sourcecode.swift; path = ContactTableViewCell.swift; sourceTree = "<group>"; };
		3FF9B38B29843E8600A103FC /* ContactManagerService.swift */ = {isa = PBXFileReference; lastKnownFileType = sourcecode.swift; path = ContactManagerService.swift; sourceTree = "<group>"; };
/* End PBXFileReference section */

/* Begin PBXFrameworksBuildPhase section */
		3F857B6B29840A61005EB316 /* Frameworks */ = {
			isa = PBXFrameworksBuildPhase;
			buildActionMask = 2147483647;
			files = (
			);
			runOnlyForDeploymentPostprocessing = 0;
		};
/* End PBXFrameworksBuildPhase section */

/* Begin PBXGroup section */
		3F857B6529840A61005EB316 = {
			isa = PBXGroup;
			children = (
				3F857B7029840A61005EB316 /* ContactManager */,
				3F857B6F29840A61005EB316 /* Products */,
			);
			sourceTree = "<group>";
		};
		3F857B6F29840A61005EB316 /* Products */ = {
			isa = PBXGroup;
			children = (
				3F857B6E29840A61005EB316 /* ContactManager.app */,
			);
			name = Products;
			sourceTree = "<group>";
		};
		3F857B7029840A61005EB316 /* ContactManager */ = {
			isa = PBXGroup;
			children = (
				3F857B7129840A61005EB316 /* AppDelegate.swift */,
				3F857B7329840A61005EB316 /* SceneDelegate.swift */,
				3FF9B38D298443A900A103FC /* Services */,
				3F857B7529840A61005EB316 /* ViewController.swift */,
				3F857B8829840ABC005EB316 /* Information.swift */,
				3F857B8A29840AD0005EB316 /* ResultInformation.swift */,
				3F857B7729840A61005EB316 /* Main.storyboard */,
				3FF9B38929843C3F00A103FC /* ContactTableViewCell.swift */,
				3F857B7A29840A61005EB316 /* ContactManager.xcdatamodeld */,
				3FF9B38E298443E900A103FC /* Resources */,
			);
			path = ContactManager;
			sourceTree = "<group>";
		};
		3FF9B38D298443A900A103FC /* Services */ = {
			isa = PBXGroup;
			children = (
				3FF9B38B29843E8600A103FC /* ContactManagerService.swift */,
			);
			path = Services;
			sourceTree = "<group>";
		};
		3FF9B38E298443E900A103FC /* Resources */ = {
			isa = PBXGroup;
			children = (
				3F857B7D29840A62005EB316 /* Assets.xcassets */,
				3F857B7F29840A62005EB316 /* LaunchScreen.storyboard */,
				3F857B8229840A62005EB316 /* Info.plist */,
			);
			path = Resources;
			sourceTree = "<group>";
		};
/* End PBXGroup section */

/* Begin PBXNativeTarget section */
		3F857B6D29840A61005EB316 /* ContactManager */ = {
			isa = PBXNativeTarget;
			buildConfigurationList = 3F857B8529840A62005EB316 /* Build configuration list for PBXNativeTarget "ContactManager" */;
			buildPhases = (
				3F857B6A29840A61005EB316 /* Sources */,
				3F857B6B29840A61005EB316 /* Frameworks */,
				3F857B6C29840A61005EB316 /* Resources */,
			);
			buildRules = (
			);
			dependencies = (
			);
			name = ContactManager;
			productName = ContactManager;
			productReference = 3F857B6E29840A61005EB316 /* ContactManager.app */;
			productType = "com.apple.product-type.application";
		};
/* End PBXNativeTarget section */

/* Begin PBXProject section */
		3F857B6629840A61005EB316 /* Project object */ = {
			isa = PBXProject;
			attributes = {
				BuildIndependentTargetsInParallel = 1;
				LastSwiftUpdateCheck = 1420;
				LastUpgradeCheck = 1420;
				TargetAttributes = {
					3F857B6D29840A61005EB316 = {
						CreatedOnToolsVersion = 14.2;
					};
				};
			};
			buildConfigurationList = 3F857B6929840A61005EB316 /* Build configuration list for PBXProject "ContactManager" */;
			compatibilityVersion = "Xcode 14.0";
			developmentRegion = en;
			hasScannedForEncodings = 0;
			knownRegions = (
				en,
				Base,
			);
			mainGroup = 3F857B6529840A61005EB316;
			productRefGroup = 3F857B6F29840A61005EB316 /* Products */;
			projectDirPath = "";
			projectRoot = "";
			targets = (
				3F857B6D29840A61005EB316 /* ContactManager */,
			);
		};
/* End PBXProject section */

/* Begin PBXResourcesBuildPhase section */
		3F857B6C29840A61005EB316 /* Resources */ = {
			isa = PBXResourcesBuildPhase;
			buildActionMask = 2147483647;
			files = (
				3F857B8129840A62005EB316 /* LaunchScreen.storyboard in Resources */,
				3F857B7E29840A62005EB316 /* Assets.xcassets in Resources */,
				3F857B7929840A61005EB316 /* Main.storyboard in Resources */,
			);
			runOnlyForDeploymentPostprocessing = 0;
		};
/* End PBXResourcesBuildPhase section */

/* Begin PBXSourcesBuildPhase section */
		3F857B6A29840A61005EB316 /* Sources */ = {
			isa = PBXSourcesBuildPhase;
			buildActionMask = 2147483647;
			files = (
				3F857B7629840A61005EB316 /* ViewController.swift in Sources */,
				3F857B7229840A61005EB316 /* AppDelegate.swift in Sources */,
				3F857B7C29840A61005EB316 /* ContactManager.xcdatamodeld in Sources */,
				3F857B8929840ABC005EB316 /* Information.swift in Sources */,
				3FF9B38A29843C3F00A103FC /* ContactTableViewCell.swift in Sources */,
				3F857B7429840A61005EB316 /* SceneDelegate.swift in Sources */,
				3FF9B38C29843E8600A103FC /* ContactManagerService.swift in Sources */,
				3F857B8B29840AD0005EB316 /* ResultInformation.swift in Sources */,
			);
			runOnlyForDeploymentPostprocessing = 0;
		};
/* End PBXSourcesBuildPhase section */

/* Begin PBXVariantGroup section */
		3F857B7729840A61005EB316 /* Main.storyboard */ = {
			isa = PBXVariantGroup;
			children = (
				3F857B7829840A61005EB316 /* Base */,
			);
			name = Main.storyboard;
			sourceTree = "<group>";
		};
		3F857B7F29840A62005EB316 /* LaunchScreen.storyboard */ = {
			isa = PBXVariantGroup;
			children = (
				3F857B8029840A62005EB316 /* Base */,
			);
			name = LaunchScreen.storyboard;
			sourceTree = "<group>";
		};
/* End PBXVariantGroup section */

/* Begin XCBuildConfiguration section */
		3F857B8329840A62005EB316 /* Debug */ = {
			isa = XCBuildConfiguration;
			buildSettings = {
				ALWAYS_SEARCH_USER_PATHS = NO;
				CLANG_ANALYZER_NONNULL = YES;
				CLANG_ANALYZER_NUMBER_OBJECT_CONVERSION = YES_AGGRESSIVE;
				CLANG_CXX_LANGUAGE_STANDARD = "gnu++20";
				CLANG_ENABLE_MODULES = YES;
				CLANG_ENABLE_OBJC_ARC = YES;
				CLANG_ENABLE_OBJC_WEAK = YES;
				CLANG_WARN_BLOCK_CAPTURE_AUTORELEASING = YES;
				CLANG_WARN_BOOL_CONVERSION = YES;
				CLANG_WARN_COMMA = YES;
				CLANG_WARN_CONSTANT_CONVERSION = YES;
				CLANG_WARN_DEPRECATED_OBJC_IMPLEMENTATIONS = YES;
				CLANG_WARN_DIRECT_OBJC_ISA_USAGE = YES_ERROR;
				CLANG_WARN_DOCUMENTATION_COMMENTS = YES;
				CLANG_WARN_EMPTY_BODY = YES;
				CLANG_WARN_ENUM_CONVERSION = YES;
				CLANG_WARN_INFINITE_RECURSION = YES;
				CLANG_WARN_INT_CONVERSION = YES;
				CLANG_WARN_NON_LITERAL_NULL_CONVERSION = YES;
				CLANG_WARN_OBJC_IMPLICIT_RETAIN_SELF = YES;
				CLANG_WARN_OBJC_LITERAL_CONVERSION = YES;
				CLANG_WARN_OBJC_ROOT_CLASS = YES_ERROR;
				CLANG_WARN_QUOTED_INCLUDE_IN_FRAMEWORK_HEADER = YES;
				CLANG_WARN_RANGE_LOOP_ANALYSIS = YES;
				CLANG_WARN_STRICT_PROTOTYPES = YES;
				CLANG_WARN_SUSPICIOUS_MOVE = YES;
				CLANG_WARN_UNGUARDED_AVAILABILITY = YES_AGGRESSIVE;
				CLANG_WARN_UNREACHABLE_CODE = YES;
				CLANG_WARN__DUPLICATE_METHOD_MATCH = YES;
				COPY_PHASE_STRIP = NO;
				DEBUG_INFORMATION_FORMAT = dwarf;
				ENABLE_STRICT_OBJC_MSGSEND = YES;
				ENABLE_TESTABILITY = YES;
				GCC_C_LANGUAGE_STANDARD = gnu11;
				GCC_DYNAMIC_NO_PIC = NO;
				GCC_NO_COMMON_BLOCKS = YES;
				GCC_OPTIMIZATION_LEVEL = 0;
				GCC_PREPROCESSOR_DEFINITIONS = (
					"DEBUG=1",
					"$(inherited)",
				);
				GCC_WARN_64_TO_32_BIT_CONVERSION = YES;
				GCC_WARN_ABOUT_RETURN_TYPE = YES_ERROR;
				GCC_WARN_UNDECLARED_SELECTOR = YES;
				GCC_WARN_UNINITIALIZED_AUTOS = YES_AGGRESSIVE;
				GCC_WARN_UNUSED_FUNCTION = YES;
				GCC_WARN_UNUSED_VARIABLE = YES;
				IPHONEOS_DEPLOYMENT_TARGET = 16.2;
				MTL_ENABLE_DEBUG_INFO = INCLUDE_SOURCE;
				MTL_FAST_MATH = YES;
				ONLY_ACTIVE_ARCH = YES;
				SDKROOT = iphoneos;
				SWIFT_ACTIVE_COMPILATION_CONDITIONS = DEBUG;
				SWIFT_OPTIMIZATION_LEVEL = "-Onone";
			};
			name = Debug;
		};
		3F857B8429840A62005EB316 /* Release */ = {
			isa = XCBuildConfiguration;
			buildSettings = {
				ALWAYS_SEARCH_USER_PATHS = NO;
				CLANG_ANALYZER_NONNULL = YES;
				CLANG_ANALYZER_NUMBER_OBJECT_CONVERSION = YES_AGGRESSIVE;
				CLANG_CXX_LANGUAGE_STANDARD = "gnu++20";
				CLANG_ENABLE_MODULES = YES;
				CLANG_ENABLE_OBJC_ARC = YES;
				CLANG_ENABLE_OBJC_WEAK = YES;
				CLANG_WARN_BLOCK_CAPTURE_AUTORELEASING = YES;
				CLANG_WARN_BOOL_CONVERSION = YES;
				CLANG_WARN_COMMA = YES;
				CLANG_WARN_CONSTANT_CONVERSION = YES;
				CLANG_WARN_DEPRECATED_OBJC_IMPLEMENTATIONS = YES;
				CLANG_WARN_DIRECT_OBJC_ISA_USAGE = YES_ERROR;
				CLANG_WARN_DOCUMENTATION_COMMENTS = YES;
				CLANG_WARN_EMPTY_BODY = YES;
				CLANG_WARN_ENUM_CONVERSION = YES;
				CLANG_WARN_INFINITE_RECURSION = YES;
				CLANG_WARN_INT_CONVERSION = YES;
				CLANG_WARN_NON_LITERAL_NULL_CONVERSION = YES;
				CLANG_WARN_OBJC_IMPLICIT_RETAIN_SELF = YES;
				CLANG_WARN_OBJC_LITERAL_CONVERSION = YES;
				CLANG_WARN_OBJC_ROOT_CLASS = YES_ERROR;
				CLANG_WARN_QUOTED_INCLUDE_IN_FRAMEWORK_HEADER = YES;
				CLANG_WARN_RANGE_LOOP_ANALYSIS = YES;
				CLANG_WARN_STRICT_PROTOTYPES = YES;
				CLANG_WARN_SUSPICIOUS_MOVE = YES;
				CLANG_WARN_UNGUARDED_AVAILABILITY = YES_AGGRESSIVE;
				CLANG_WARN_UNREACHABLE_CODE = YES;
				CLANG_WARN__DUPLICATE_METHOD_MATCH = YES;
				COPY_PHASE_STRIP = NO;
				DEBUG_INFORMATION_FORMAT = "dwarf-with-dsym";
				ENABLE_NS_ASSERTIONS = NO;
				ENABLE_STRICT_OBJC_MSGSEND = YES;
				GCC_C_LANGUAGE_STANDARD = gnu11;
				GCC_NO_COMMON_BLOCKS = YES;
				GCC_WARN_64_TO_32_BIT_CONVERSION = YES;
				GCC_WARN_ABOUT_RETURN_TYPE = YES_ERROR;
				GCC_WARN_UNDECLARED_SELECTOR = YES;
				GCC_WARN_UNINITIALIZED_AUTOS = YES_AGGRESSIVE;
				GCC_WARN_UNUSED_FUNCTION = YES;
				GCC_WARN_UNUSED_VARIABLE = YES;
				IPHONEOS_DEPLOYMENT_TARGET = 16.2;
				MTL_ENABLE_DEBUG_INFO = NO;
				MTL_FAST_MATH = YES;
				SDKROOT = iphoneos;
				SWIFT_COMPILATION_MODE = wholemodule;
				SWIFT_OPTIMIZATION_LEVEL = "-O";
				VALIDATE_PRODUCT = YES;
			};
			name = Release;
		};
		3F857B8629840A62005EB316 /* Debug */ = {
			isa = XCBuildConfiguration;
			buildSettings = {
				ASSETCATALOG_COMPILER_APPICON_NAME = AppIcon;
				ASSETCATALOG_COMPILER_GLOBAL_ACCENT_COLOR_NAME = AccentColor;
				CODE_SIGN_STYLE = Automatic;
				CURRENT_PROJECT_VERSION = 1;
				DEVELOPMENT_TEAM = PN373JBXN5;
				GENERATE_INFOPLIST_FILE = YES;
				INFOPLIST_FILE = ContactManager/Resources/Info.plist;
				INFOPLIST_KEY_UIApplicationSupportsIndirectInputEvents = YES;
				INFOPLIST_KEY_UILaunchStoryboardName = LaunchScreen;
				INFOPLIST_KEY_UIMainStoryboardFile = Main;
				INFOPLIST_KEY_UISupportedInterfaceOrientations_iPad = "UIInterfaceOrientationPortrait UIInterfaceOrientationPortraitUpsideDown UIInterfaceOrientationLandscapeLeft UIInterfaceOrientationLandscapeRight";
				INFOPLIST_KEY_UISupportedInterfaceOrientations_iPhone = "UIInterfaceOrientationPortrait UIInterfaceOrientationLandscapeLeft UIInterfaceOrientationLandscapeRight";
				LD_RUNPATH_SEARCH_PATHS = (
					"$(inherited)",
					"@executable_path/Frameworks",
				);
				MARKETING_VERSION = 1.0;
				PRODUCT_BUNDLE_IDENTIFIER = dasdadada.asdsad.ContactManager;
				PRODUCT_NAME = "$(TARGET_NAME)";
				SWIFT_EMIT_LOC_STRINGS = YES;
				SWIFT_VERSION = 5.0;
				TARGETED_DEVICE_FAMILY = "1,2";
			};
			name = Debug;
		};
		3F857B8729840A62005EB316 /* Release */ = {
			isa = XCBuildConfiguration;
			buildSettings = {
				ASSETCATALOG_COMPILER_APPICON_NAME = AppIcon;
				ASSETCATALOG_COMPILER_GLOBAL_ACCENT_COLOR_NAME = AccentColor;
				CODE_SIGN_STYLE = Automatic;
				CURRENT_PROJECT_VERSION = 1;
				DEVELOPMENT_TEAM = PN373JBXN5;
				GENERATE_INFOPLIST_FILE = YES;
				INFOPLIST_FILE = ContactManager/Resources/Info.plist;
				INFOPLIST_KEY_UIApplicationSupportsIndirectInputEvents = YES;
				INFOPLIST_KEY_UILaunchStoryboardName = LaunchScreen;
				INFOPLIST_KEY_UIMainStoryboardFile = Main;
				INFOPLIST_KEY_UISupportedInterfaceOrientations_iPad = "UIInterfaceOrientationPortrait UIInterfaceOrientationPortraitUpsideDown UIInterfaceOrientationLandscapeLeft UIInterfaceOrientationLandscapeRight";
				INFOPLIST_KEY_UISupportedInterfaceOrientations_iPhone = "UIInterfaceOrientationPortrait UIInterfaceOrientationLandscapeLeft UIInterfaceOrientationLandscapeRight";
				LD_RUNPATH_SEARCH_PATHS = (
					"$(inherited)",
					"@executable_path/Frameworks",
				);
				MARKETING_VERSION = 1.0;
				PRODUCT_BUNDLE_IDENTIFIER = dasdadada.asdsad.ContactManager;
				PRODUCT_NAME = "$(TARGET_NAME)";
				SWIFT_EMIT_LOC_STRINGS = YES;
				SWIFT_VERSION = 5.0;
				TARGETED_DEVICE_FAMILY = "1,2";
			};
			name = Release;
		};
/* End XCBuildConfiguration section */

/* Begin XCConfigurationList section */
		3F857B6929840A61005EB316 /* Build configuration list for PBXProject "ContactManager" */ = {
			isa = XCConfigurationList;
			buildConfigurations = (
				3F857B8329840A62005EB316 /* Debug */,
				3F857B8429840A62005EB316 /* Release */,
			);
			defaultConfigurationIsVisible = 0;
			defaultConfigurationName = Release;
		};
		3F857B8529840A62005EB316 /* Build configuration list for PBXNativeTarget "ContactManager" */ = {
			isa = XCConfigurationList;
			buildConfigurations = (
				3F857B8629840A62005EB316 /* Debug */,
				3F857B8729840A62005EB316 /* Release */,
			);
			defaultConfigurationIsVisible = 0;
			defaultConfigurationName = Release;
		};
/* End XCConfigurationList section */

/* Begin XCVersionGroup section */
		3F857B7A29840A61005EB316 /* ContactManager.xcdatamodeld */ = {
			isa = XCVersionGroup;
			children = (
				3F857B7B29840A61005EB316 /* ContactManager.xcdatamodel */,
			);
			currentVersion = 3F857B7B29840A61005EB316 /* ContactManager.xcdatamodel */;
			path = ContactManager.xcdatamodeld;
			sourceTree = "<group>";
			versionGroupType = wrapper.xcdatamodel;
		};
/* End XCVersionGroup section */
	};
	rootObject = 3F857B6629840A61005EB316 /* Project object */;
}
